
Microsoft Visual Studio Solution File, Format Version 12.00
# Visual Studio Version 16
VisualStudioVersion = 16.0.30503.244
MinimumVisualStudioVersion = 10.0.40219.1
Project("{FAE04EC0-301F-11D3-BF4B-00C04F79EFBC}") = "Linked List Cycle", "Linked List Cycle\Linked List Cycle.csproj", "{C80EC92F-C13C-49B4-B4A2-4CF0F5B6809E}"
EndProject
Global
	GlobalSection(SolutionConfigurationPlatforms) = preSolution
		Debug|Any CPU = Debug|Any CPU
		Release|Any CPU = Release|Any CPU
	EndGlobalSection
	GlobalSection(ProjectConfigurationPlatforms) = postSolution
		{C80EC92F-C13C-49B4-B4A2-4CF0F5B6809E}.Debug|Any CPU.ActiveCfg = Debug|Any CPU
		{C80EC92F-C13C-49B4-B4A2-4CF0F5B6809E}.Debug|Any CPU.Build.0 = Debug|Any CPU
		{C80EC92F-C13C-49B4-B4A2-4CF0F5B6809E}.Release|Any CPU.ActiveCfg = Release|Any CPU
		{C80EC92F-C13C-49B4-B4A2-4CF0F5B6809E}.Release|Any CPU.Build.0 = Release|Any CPU
	EndGlobalSection
	GlobalSection(SolutionProperties) = preSolution
		HideSolutionNode = FALSE
	EndGlobalSection
	GlobalSection(ExtensibilityGlobals) = postSolution
		SolutionGuid = {B9AF60C0-CD26-4532-BAA0-5F553829E03D}
	EndGlobalSection
EndGlobal
